
Microsoft Visual Studio Solution File, Format Version 12.00
# Visual Studio 15
VisualStudioVersion = 15.0.28307.757
MinimumVisualStudioVersion = 10.0.40219.1
Project("{FAE04EC0-301F-11D3-BF4B-00C04F79EFBC}") = "SportsTimer", "SportsTimer\SportsTimer.csproj", "{EDAE5276-29DE-45AB-B3E7-5E3DC6C182A3}"
EndProject
Project("{FAE04EC0-301F-11D3-BF4B-00C04F79EFBC}") = "SportsTimer.Tests", "SportsTimer.Tests\SportsTimer.Tests.csproj", "{AA6C2835-1794-4B05-B33C-43AC9265F9B1}"
EndProject
Global
	GlobalSection(SolutionConfigurationPlatforms) = preSolution
		Debug|Any CPU = Debug|Any CPU
		Release|Any CPU = Release|Any CPU
	EndGlobalSection
	GlobalSection(ProjectConfigurationPlatforms) = postSolution
		{EDAE5276-29DE-45AB-B3E7-5E3DC6C182A3}.Debug|Any CPU.ActiveCfg = Debug|Any CPU
		{EDAE5276-29DE-45AB-B3E7-5E3DC6C182A3}.Debug|Any CPU.Build.0 = Debug|Any CPU
		{EDAE5276-29DE-45AB-B3E7-5E3DC6C182A3}.Release|Any CPU.ActiveCfg = Release|Any CPU
		{EDAE5276-29DE-45AB-B3E7-5E3DC6C182A3}.Release|Any CPU.Build.0 = Release|Any CPU
		{AA6C2835-1794-4B05-B33C-43AC9265F9B1}.Debug|Any CPU.ActiveCfg = Debug|Any CPU
		{AA6C2835-1794-4B05-B33C-43AC9265F9B1}.Debug|Any CPU.Build.0 = Debug|Any CPU
		{AA6C2835-1794-4B05-B33C-43AC9265F9B1}.Release|Any CPU.ActiveCfg = Release|Any CPU
		{AA6C2835-1794-4B05-B33C-43AC9265F9B1}.Release|Any CPU.Build.0 = Release|Any CPU
	EndGlobalSection
	GlobalSection(SolutionProperties) = preSolution
		HideSolutionNode = FALSE
	EndGlobalSection
	GlobalSection(ExtensibilityGlobals) = postSolution
		SolutionGuid = {42825158-75C3-4DB2-9AEF-D360E07A2706}
	EndGlobalSection
EndGlobal
